{
  "name": "rps",
  "version": "1.0.0",
  "lockfileVersion": 2,
  "requires": true,
  "packages": {
    "": {
      "version": "1.0.0",
      "license": "ISC",
      "dependencies": {
        "csprng": "^0.1.2",
        "readline-sync": "^1.4.10"
      }
    },
    "node_modules/csprng": {
      "version": "0.1.2",
      "resolved": "https://registry.npmjs.org/csprng/-/csprng-0.1.2.tgz",
      "integrity": "sha1-S8aPEvo2jSUqWYQcusqXSxirReI=",
      "dependencies": {
        "sequin": "*"
      },
      "engines": {
        "node": ">=0.6.0"
      }
    },
    "node_modules/readline-sync": {
      "version": "1.4.10",
      "resolved": "https://registry.npmjs.org/readline-sync/-/readline-sync-1.4.10.tgz",
      "integrity": "sha512-gNva8/6UAe8QYepIQH/jQ2qn91Qj0B9sYjMBBs3QOB8F2CXcKgLxQaJRP76sWVRQt+QU+8fAkCbCvjjMFu7Ycw==",
      "engines": {
        "node": ">= 0.8.0"
      }
    },
    "node_modules/sequin": {
      "version": "0.1.1",
      "resolved": "https://registry.npmjs.org/sequin/-/sequin-0.1.1.tgz",
      "integrity": "sha1-XC04nWajg3NOqvvEXt6ywcsb5wE=",
      "engines": {
        "node": ">=0.4.0"
      }
    }
  },
  "dependencies": {
    "csprng": {
      "version": "0.1.2",
      "resolved": "https://registry.npmjs.org/csprng/-/csprng-0.1.2.tgz",
      "integrity": "sha1-S8aPEvo2jSUqWYQcusqXSxirReI=",
      "requires": {
        "sequin": "*"
      }
    },
    "readline-sync": {
      "version": "1.4.10",
      "resolved": "https://registry.npmjs.org/readline-sync/-/readline-sync-1.4.10.tgz",
      "integrity": "sha512-gNva8/6UAe8QYepIQH/jQ2qn91Qj0B9sYjMBBs3QOB8F2CXcKgLxQaJRP76sWVRQt+QU+8fAkCbCvjjMFu7Ycw=="
    },
    "sequin": {
      "version": "0.1.1",
      "resolved": "https://registry.npmjs.org/sequin/-/sequin-0.1.1.tgz",
      "integrity": "sha1-XC04nWajg3NOqvvEXt6ywcsb5wE="
    }
  }
}
